// !$*UTF8*$!
{
	archiveVersion = 1;
	classes = {
	};
	objectVersion = 50;
	objects = {

/* Begin PBXBuildFile section */
		2971A35B24FE67EA00F0F977 /* WeatherCollectionViewCell.swift in Sources */ = {isa = PBXBuildFile; fileRef = 2971A35924FE67EA00F0F977 /* WeatherCollectionViewCell.swift */; };
		2971A35C24FE67EA00F0F977 /* WeatherCollectionViewCell.xib in Resources */ = {isa = PBXBuildFile; fileRef = 2971A35A24FE67EA00F0F977 /* WeatherCollectionViewCell.xib */; };
		2977CF9C24F2546B00B149F8 /* AppDelegate.swift in Sources */ = {isa = PBXBuildFile; fileRef = 2977CF9B24F2546B00B149F8 /* AppDelegate.swift */; };
		2977CF9E24F2546B00B149F8 /* SceneDelegate.swift in Sources */ = {isa = PBXBuildFile; fileRef = 2977CF9D24F2546B00B149F8 /* SceneDelegate.swift */; };
		2977CFA024F2546B00B149F8 /* ViewController.swift in Sources */ = {isa = PBXBuildFile; fileRef = 2977CF9F24F2546B00B149F8 /* ViewController.swift */; };
		2977CFA324F2546B00B149F8 /* Main.storyboard in Resources */ = {isa = PBXBuildFile; fileRef = 2977CFA124F2546B00B149F8 /* Main.storyboard */; };
		2977CFA524F2547400B149F8 /* Assets.xcassets in Resources */ = {isa = PBXBuildFile; fileRef = 2977CFA424F2547400B149F8 /* Assets.xcassets */; };
		2977CFA824F2547400B149F8 /* LaunchScreen.storyboard in Resources */ = {isa = PBXBuildFile; fileRef = 2977CFA624F2547400B149F8 /* LaunchScreen.storyboard */; };
		2977CFB324F25EB600B149F8 /* WeatherTableViewCell.swift in Sources */ = {isa = PBXBuildFile; fileRef = 2977CFB124F25EB600B149F8 /* WeatherTableViewCell.swift */; };
		2977CFB424F25EB600B149F8 /* WeatherTableViewCell.xib in Resources */ = {isa = PBXBuildFile; fileRef = 2977CFB224F25EB600B149F8 /* WeatherTableViewCell.xib */; };
		2977CFB724F25ED700B149F8 /* HourlyTableViewCell.swift in Sources */ = {isa = PBXBuildFile; fileRef = 2977CFB524F25ED700B149F8 /* HourlyTableViewCell.swift */; };
		2977CFB824F25ED700B149F8 /* HourlyTableViewCell.xib in Resources */ = {isa = PBXBuildFile; fileRef = 2977CFB624F25ED700B149F8 /* HourlyTableViewCell.xib */; };
/* End PBXBuildFile section */

/* Begin PBXFileReference section */
		2971A35924FE67EA00F0F977 /* WeatherCollectionViewCell.swift */ = {isa = PBXFileReference; lastKnownFileType = sourcecode.swift; path = WeatherCollectionViewCell.swift; sourceTree = "<group>"; };
		2971A35A24FE67EA00F0F977 /* WeatherCollectionViewCell.xib */ = {isa = PBXFileReference; lastKnownFileType = file.xib; path = WeatherCollectionViewCell.xib; sourceTree = "<group>"; };
		2977CF9824F2546B00B149F8 /* MyWeather.app */ = {isa = PBXFileReference; explicitFileType = wrapper.application; includeInIndex = 0; path = MyWeather.app; sourceTree = BUILT_PRODUCTS_DIR; };
		2977CF9B24F2546B00B149F8 /* AppDelegate.swift */ = {isa = PBXFileReference; lastKnownFileType = sourcecode.swift; path = AppDelegate.swift; sourceTree = "<group>"; };
		2977CF9D24F2546B00B149F8 /* SceneDelegate.swift */ = {isa = PBXFileReference; lastKnownFileType = sourcecode.swift; path = SceneDelegate.swift; sourceTree = "<group>"; };
		2977CF9F24F2546B00B149F8 /* ViewController.swift */ = {isa = PBXFileReference; lastKnownFileType = sourcecode.swift; path = ViewController.swift; sourceTree = "<group>"; };
		2977CFA224F2546B00B149F8 /* Base */ = {isa = PBXFileReference; lastKnownFileType = file.storyboard; name = Base; path = Base.lproj/Main.storyboard; sourceTree = "<group>"; };
		2977CFA424F2547400B149F8 /* Assets.xcassets */ = {isa = PBXFileReference; lastKnownFileType = folder.assetcatalog; path = Assets.xcassets; sourceTree = "<group>"; };
		2977CFA724F2547400B149F8 /* Base */ = {isa = PBXFileReference; lastKnownFileType = file.storyboard; name = Base; path = Base.lproj/LaunchScreen.storyboard; sourceTree = "<group>"; };
		2977CFA924F2547400B149F8 /* Info.plist */ = {isa = PBXFileReference; lastKnownFileType = text.plist.xml; path = Info.plist; sourceTree = "<group>"; };
		2977CFB124F25EB600B149F8 /* WeatherTableViewCell.swift */ = {isa = PBXFileReference; lastKnownFileType = sourcecode.swift; path = WeatherTableViewCell.swift; sourceTree = "<group>"; };
		2977CFB224F25EB600B149F8 /* WeatherTableViewCell.xib */ = {isa = PBXFileReference; lastKnownFileType = file.xib; path = WeatherTableViewCell.xib; sourceTree = "<group>"; };
		2977CFB524F25ED700B149F8 /* HourlyTableViewCell.swift */ = {isa = PBXFileReference; lastKnownFileType = sourcecode.swift; path = HourlyTableViewCell.swift; sourceTree = "<group>"; };
		2977CFB624F25ED700B149F8 /* HourlyTableViewCell.xib */ = {isa = PBXFileReference; lastKnownFileType = file.xib; path = HourlyTableViewCell.xib; sourceTree = "<group>"; };
/* End PBXFileReference section */

/* Begin PBXFrameworksBuildPhase section */
		2977CF9524F2546B00B149F8 /* Frameworks */ = {
			isa = PBXFrameworksBuildPhase;
			buildActionMask = 2147483647;
			files = (
			);
			runOnlyForDeploymentPostprocessing = 0;
		};
/* End PBXFrameworksBuildPhase section */

/* Begin PBXGroup section */
		2971A35824FE676F00F0F977 /* CollectionViewCell */ = {
			isa = PBXGroup;
			children = (
				2971A35924FE67EA00F0F977 /* WeatherCollectionViewCell.swift */,
				2971A35A24FE67EA00F0F977 /* WeatherCollectionViewCell.xib */,
			);
			path = CollectionViewCell;
			sourceTree = "<group>";
		};
		2977CF8F24F2546B00B149F8 = {
			isa = PBXGroup;
			children = (
				2977CF9A24F2546B00B149F8 /* MyWeather */,
				2977CF9924F2546B00B149F8 /* Products */,
			);
			sourceTree = "<group>";
		};
		2977CF9924F2546B00B149F8 /* Products */ = {
			isa = PBXGroup;
			children = (
				2977CF9824F2546B00B149F8 /* MyWeather.app */,
			);
			name = Products;
			sourceTree = "<group>";
		};
		2977CF9A24F2546B00B149F8 /* MyWeather */ = {
			isa = PBXGroup;
			children = (
				2971A35824FE676F00F0F977 /* CollectionViewCell */,
				2977CFB024F25E2600B149F8 /* HourlyCollectionCell */,
				2977CFAF24F25E0F00B149F8 /* WeatherCell */,
				2977CF9B24F2546B00B149F8 /* AppDelegate.swift */,
				2977CF9D24F2546B00B149F8 /* SceneDelegate.swift */,
				2977CF9F24F2546B00B149F8 /* ViewController.swift */,
				2977CFA124F2546B00B149F8 /* Main.storyboard */,
				2977CFA424F2547400B149F8 /* Assets.xcassets */,
				2977CFA624F2547400B149F8 /* LaunchScreen.storyboard */,
				2977CFA924F2547400B149F8 /* Info.plist */,
			);
			path = MyWeather;
			sourceTree = "<group>";
		};
		2977CFAF24F25E0F00B149F8 /* WeatherCell */ = {
			isa = PBXGroup;
			children = (
				2977CFB124F25EB600B149F8 /* WeatherTableViewCell.swift */,
				2977CFB224F25EB600B149F8 /* WeatherTableViewCell.xib */,
			);
			path = WeatherCell;
			sourceTree = "<group>";
		};
		2977CFB024F25E2600B149F8 /* HourlyCollectionCell */ = {
			isa = PBXGroup;
			children = (
				2977CFB524F25ED700B149F8 /* HourlyTableViewCell.swift */,
				2977CFB624F25ED700B149F8 /* HourlyTableViewCell.xib */,
			);
			path = HourlyCollectionCell;
			sourceTree = "<group>";
		};
/* End PBXGroup section */

/* Begin PBXNativeTarget section */
		2977CF9724F2546B00B149F8 /* MyWeather */ = {
			isa = PBXNativeTarget;
			buildConfigurationList = 2977CFAC24F2547400B149F8 /* Build configuration list for PBXNativeTarget "MyWeather" */;
			buildPhases = (
				2977CF9424F2546B00B149F8 /* Sources */,
				2977CF9524F2546B00B149F8 /* Frameworks */,
				2977CF9624F2546B00B149F8 /* Resources */,
			);
			buildRules = (
			);
			dependencies = (
			);
			name = MyWeather;
			productName = MyWeather;
			productReference = 2977CF9824F2546B00B149F8 /* MyWeather.app */;
			productType = "com.apple.product-type.application";
		};
/* End PBXNativeTarget section */

/* Begin PBXProject section */
		2977CF9024F2546B00B149F8 /* Project object */ = {
			isa = PBXProject;
			attributes = {
				LastSwiftUpdateCheck = 1160;
				LastUpgradeCheck = 1160;
				ORGANIZATIONNAME = "Mohamed Jaber";
				TargetAttributes = {
					2977CF9724F2546B00B149F8 = {
						CreatedOnToolsVersion = 11.6;
					};
				};
			};
			buildConfigurationList = 2977CF9324F2546B00B149F8 /* Build configuration list for PBXProject "MyWeather" */;
			compatibilityVersion = "Xcode 9.3";
			developmentRegion = en;
			hasScannedForEncodings = 0;
			knownRegions = (
				en,
				Base,
			);
			mainGroup = 2977CF8F24F2546B00B149F8;
			productRefGroup = 2977CF9924F2546B00B149F8 /* Products */;
			projectDirPath = "";
			projectRoot = "";
			targets = (
				2977CF9724F2546B00B149F8 /* MyWeather */,
			);
		};
/* End PBXProject section */

/* Begin PBXResourcesBuildPhase section */
		2977CF9624F2546B00B149F8 /* Resources */ = {
			isa = PBXResourcesBuildPhase;
			buildActionMask = 2147483647;
			files = (
				2977CFB424F25EB600B149F8 /* WeatherTableViewCell.xib in Resources */,
				2977CFB824F25ED700B149F8 /* HourlyTableViewCell.xib in Resources */,
				2977CFA824F2547400B149F8 /* LaunchScreen.storyboard in Resources */,
				2977CFA524F2547400B149F8 /* Assets.xcassets in Resources */,
				2977CFA324F2546B00B149F8 /* Main.storyboard in Resources */,
				2971A35C24FE67EA00F0F977 /* WeatherCollectionViewCell.xib in Resources */,
			);
			runOnlyForDeploymentPostprocessing = 0;
		};
/* End PBXResourcesBuildPhase section */

/* Begin PBXSourcesBuildPhase section */
		2977CF9424F2546B00B149F8 /* Sources */ = {
			isa = PBXSourcesBuildPhase;
			buildActionMask = 2147483647;
			files = (
				2977CFB324F25EB600B149F8 /* WeatherTableViewCell.swift in Sources */,
				2977CFA024F2546B00B149F8 /* ViewController.swift in Sources */,
				2977CFB724F25ED700B149F8 /* HourlyTableViewCell.swift in Sources */,
				2971A35B24FE67EA00F0F977 /* WeatherCollectionViewCell.swift in Sources */,
				2977CF9C24F2546B00B149F8 /* AppDelegate.swift in Sources */,
				2977CF9E24F2546B00B149F8 /* SceneDelegate.swift in Sources */,
			);
			runOnlyForDeploymentPostprocessing = 0;
		};
/* End PBXSourcesBuildPhase section */

/* Begin PBXVariantGroup section */
		2977CFA124F2546B00B149F8 /* Main.storyboard */ = {
			isa = PBXVariantGroup;
			children = (
				2977CFA224F2546B00B149F8 /* Base */,
			);
			name = Main.storyboard;
			sourceTree = "<group>";
		};
		2977CFA624F2547400B149F8 /* LaunchScreen.storyboard */ = {
			isa = PBXVariantGroup;
			children = (
				2977CFA724F2547400B149F8 /* Base */,
			);
			name = LaunchScreen.storyboard;
			sourceTree = "<group>";
		};
/* End PBXVariantGroup section */

/* Begin XCBuildConfiguration section */
		2977CFAA24F2547400B149F8 /* Debug */ = {
			isa = XCBuildConfiguration;
			buildSettings = {
				ALWAYS_SEARCH_USER_PATHS = NO;
				CLANG_ANALYZER_NONNULL = YES;
				CLANG_ANALYZER_NUMBER_OBJECT_CONVERSION = YES_AGGRESSIVE;
				CLANG_CXX_LANGUAGE_STANDARD = "gnu++14";
				CLANG_CXX_LIBRARY = "libc++";
				CLANG_ENABLE_MODULES = YES;
				CLANG_ENABLE_OBJC_ARC = YES;
				CLANG_ENABLE_OBJC_WEAK = YES;
				CLANG_WARN_BLOCK_CAPTURE_AUTORELEASING = YES;
				CLANG_WARN_BOOL_CONVERSION = YES;
				CLANG_WARN_COMMA = YES;
				CLANG_WARN_CONSTANT_CONVERSION = YES;
				CLANG_WARN_DEPRECATED_OBJC_IMPLEMENTATIONS = YES;
				CLANG_WARN_DIRECT_OBJC_ISA_USAGE = YES_ERROR;
				CLANG_WARN_DOCUMENTATION_COMMENTS = YES;
				CLANG_WARN_EMPTY_BODY = YES;
				CLANG_WARN_ENUM_CONVERSION = YES;
				CLANG_WARN_INFINITE_RECURSION = YES;
				CLANG_WARN_INT_CONVERSION = YES;
				CLANG_WARN_NON_LITERAL_NULL_CONVERSION = YES;
				CLANG_WARN_OBJC_IMPLICIT_RETAIN_SELF = YES;
				CLANG_WARN_OBJC_LITERAL_CONVERSION = YES;
				CLANG_WARN_OBJC_ROOT_CLASS = YES_ERROR;
				CLANG_WARN_RANGE_LOOP_ANALYSIS = YES;
				CLANG_WARN_STRICT_PROTOTYPES = YES;
				CLANG_WARN_SUSPICIOUS_MOVE = YES;
				CLANG_WARN_UNGUARDED_AVAILABILITY = YES_AGGRESSIVE;
				CLANG_WARN_UNREACHABLE_CODE = YES;
				CLANG_WARN__DUPLICATE_METHOD_MATCH = YES;
				COPY_PHASE_STRIP = NO;
				DEBUG_INFORMATION_FORMAT = dwarf;
				ENABLE_STRICT_OBJC_MSGSEND = YES;
				ENABLE_TESTABILITY = YES;
				GCC_C_LANGUAGE_STANDARD = gnu11;
				GCC_DYNAMIC_NO_PIC = NO;
				GCC_NO_COMMON_BLOCKS = YES;
				GCC_OPTIMIZATION_LEVEL = 0;
				GCC_PREPROCESSOR_DEFINITIONS = (
					"DEBUG=1",
					"$(inherited)",
				);
				GCC_WARN_64_TO_32_BIT_CONVERSION = YES;
				GCC_WARN_ABOUT_RETURN_TYPE = YES_ERROR;
				GCC_WARN_UNDECLARED_SELECTOR = YES;
				GCC_WARN_UNINITIALIZED_AUTOS = YES_AGGRESSIVE;
				GCC_WARN_UNUSED_FUNCTION = YES;
				GCC_WARN_UNUSED_VARIABLE = YES;
				IPHONEOS_DEPLOYMENT_TARGET = 13.6;
				MTL_ENABLE_DEBUG_INFO = INCLUDE_SOURCE;
				MTL_FAST_MATH = YES;
				ONLY_ACTIVE_ARCH = YES;
				SDKROOT = iphoneos;
				SWIFT_ACTIVE_COMPILATION_CONDITIONS = DEBUG;
				SWIFT_OPTIMIZATION_LEVEL = "-Onone";
			};
			name = Debug;
		};
		2977CFAB24F2547400B149F8 /* Release */ = {
			isa = XCBuildConfiguration;
			buildSettings = {
				ALWAYS_SEARCH_USER_PATHS = NO;
				CLANG_ANALYZER_NONNULL = YES;
				CLANG_ANALYZER_NUMBER_OBJECT_CONVERSION = YES_AGGRESSIVE;
				CLANG_CXX_LANGUAGE_STANDARD = "gnu++14";
				CLANG_CXX_LIBRARY = "libc++";
				CLANG_ENABLE_MODULES = YES;
				CLANG_ENABLE_OBJC_ARC = YES;
				CLANG_ENABLE_OBJC_WEAK = YES;
				CLANG_WARN_BLOCK_CAPTURE_AUTORELEASING = YES;
				CLANG_WARN_BOOL_CONVERSION = YES;
				CLANG_WARN_COMMA = YES;
				CLANG_WARN_CONSTANT_CONVERSION = YES;
				CLANG_WARN_DEPRECATED_OBJC_IMPLEMENTATIONS = YES;
				CLANG_WARN_DIRECT_OBJC_ISA_USAGE = YES_ERROR;
				CLANG_WARN_DOCUMENTATION_COMMENTS = YES;
				CLANG_WARN_EMPTY_BODY = YES;
				CLANG_WARN_ENUM_CONVERSION = YES;
				CLANG_WARN_INFINITE_RECURSION = YES;
				CLANG_WARN_INT_CONVERSION = YES;
				CLANG_WARN_NON_LITERAL_NULL_CONVERSION = YES;
				CLANG_WARN_OBJC_IMPLICIT_RETAIN_SELF = YES;
				CLANG_WARN_OBJC_LITERAL_CONVERSION = YES;
				CLANG_WARN_OBJC_ROOT_CLASS = YES_ERROR;
				CLANG_WARN_RANGE_LOOP_ANALYSIS = YES;
				CLANG_WARN_STRICT_PROTOTYPES = YES;
				CLANG_WARN_SUSPICIOUS_MOVE = YES;
				CLANG_WARN_UNGUARDED_AVAILABILITY = YES_AGGRESSIVE;
				CLANG_WARN_UNREACHABLE_CODE = YES;
				CLANG_WARN__DUPLICATE_METHOD_MATCH = YES;
				COPY_PHASE_STRIP = NO;
				DEBUG_INFORMATION_FORMAT = "dwarf-with-dsym";
				ENABLE_NS_ASSERTIONS = NO;
				ENABLE_STRICT_OBJC_MSGSEND = YES;
				GCC_C_LANGUAGE_STANDARD = gnu11;
				GCC_NO_COMMON_BLOCKS = YES;
				GCC_WARN_64_TO_32_BIT_CONVERSION = YES;
				GCC_WARN_ABOUT_RETURN_TYPE = YES_ERROR;
				GCC_WARN_UNDECLARED_SELECTOR = YES;
				GCC_WARN_UNINITIALIZED_AUTOS = YES_AGGRESSIVE;
				GCC_WARN_UNUSED_FUNCTION = YES;
				GCC_WARN_UNUSED_VARIABLE = YES;
				IPHONEOS_DEPLOYMENT_TARGET = 13.6;
				MTL_ENABLE_DEBUG_INFO = NO;
				MTL_FAST_MATH = YES;
				SDKROOT = iphoneos;
				SWIFT_COMPILATION_MODE = wholemodule;
				SWIFT_OPTIMIZATION_LEVEL = "-O";
				VALIDATE_PRODUCT = YES;
			};
			name = Release;
		};
		2977CFAD24F2547400B149F8 /* Debug */ = {
			isa = XCBuildConfiguration;
			buildSettings = {
				ASSETCATALOG_COMPILER_APPICON_NAME = AppIcon;
				CODE_SIGN_STYLE = Automatic;
				INFOPLIST_FILE = MyWeather/Info.plist;
				LD_RUNPATH_SEARCH_PATHS = (
					"$(inherited)",
					"@executable_path/Frameworks",
				);
				PRODUCT_BUNDLE_IDENTIFIER = Mo.MyWeather;
				PRODUCT_NAME = "$(TARGET_NAME)";
				SWIFT_VERSION = 5.0;
				TARGETED_DEVICE_FAMILY = "1,2";
			};
			name = Debug;
		};
		2977CFAE24F2547400B149F8 /* Release */ = {
			isa = XCBuildConfiguration;
			buildSettings = {
				ASSETCATALOG_COMPILER_APPICON_NAME = AppIcon;
				CODE_SIGN_STYLE = Automatic;
				INFOPLIST_FILE = MyWeather/Info.plist;
				LD_RUNPATH_SEARCH_PATHS = (
					"$(inherited)",
					"@executable_path/Frameworks",
				);
				PRODUCT_BUNDLE_IDENTIFIER = Mo.MyWeather;
				PRODUCT_NAME = "$(TARGET_NAME)";
				SWIFT_VERSION = 5.0;
				TARGETED_DEVICE_FAMILY = "1,2";
			};
			name = Release;
		};
/* End XCBuildConfiguration section */

/* Begin XCConfigurationList section */
		2977CF9324F2546B00B149F8 /* Build configuration list for PBXProject "MyWeather" */ = {
			isa = XCConfigurationList;
			buildConfigurations = (
				2977CFAA24F2547400B149F8 /* Debug */,
				2977CFAB24F2547400B149F8 /* Release */,
			);
			defaultConfigurationIsVisible = 0;
			defaultConfigurationName = Release;
		};
		2977CFAC24F2547400B149F8 /* Build configuration list for PBXNativeTarget "MyWeather" */ = {
			isa = XCConfigurationList;
			buildConfigurations = (
				2977CFAD24F2547400B149F8 /* Debug */,
				2977CFAE24F2547400B149F8 /* Release */,
			);
			defaultConfigurationIsVisible = 0;
			defaultConfigurationName = Release;
		};
/* End XCConfigurationList section */
	};
	rootObject = 2977CF9024F2546B00B149F8 /* Project object */;
}
